
Microsoft Visual Studio Solution File, Format Version 12.00
# Visual Studio Version 16
VisualStudioVersion = 16.0.30128.74
MinimumVisualStudioVersion = 10.0.40219.1
Project("{FAE04EC0-301F-11D3-BF4B-00C04F79EFBC}") = "WordSwap", "WordSwap\WordSwap.csproj", "{0C0D0842-29FB-4C01-BFA5-21FF9636241C}"
EndProject
Global
	GlobalSection(SolutionConfigurationPlatforms) = preSolution
		Debug|Any CPU = Debug|Any CPU
		Release|Any CPU = Release|Any CPU
	EndGlobalSection
	GlobalSection(ProjectConfigurationPlatforms) = postSolution
		{0C0D0842-29FB-4C01-BFA5-21FF9636241C}.Debug|Any CPU.ActiveCfg = Debug|Any CPU
		{0C0D0842-29FB-4C01-BFA5-21FF9636241C}.Debug|Any CPU.Build.0 = Debug|Any CPU
		{0C0D0842-29FB-4C01-BFA5-21FF9636241C}.Release|Any CPU.ActiveCfg = Release|Any CPU
		{0C0D0842-29FB-4C01-BFA5-21FF9636241C}.Release|Any CPU.Build.0 = Release|Any CPU
	EndGlobalSection
	GlobalSection(SolutionProperties) = preSolution
		HideSolutionNode = FALSE
	EndGlobalSection
	GlobalSection(ExtensibilityGlobals) = postSolution
		SolutionGuid = {CBA84A9E-7DD9-4483-96B6-B61EF3F7B26B}
	EndGlobalSection
EndGlobal
